{
  "nodes": {
    "fugu-src": {
      "flake": false,
      "locked": {
        "lastModified": 1784009512,
        "narHash": "sha256-eSwpQJih+dbAAPrXUwOn3bQq22bbV61X//zkZDjQHXI=",
        "owner": "SakanaAI",
        "repo": "fugu",
        "rev": "83f099cc678c3d9a88c1b1bcd085ed679ec3b89f",
        "type": "github"
      },
      "original": {
        "owner": "SakanaAI",
        "repo": "fugu",
        "type": "github"
      }
    },
    "nixpkgs": {
      "locked": {
        "lastModified": 1783522502,
        "narHash": "sha256-iffAls3iaNTyJC2faYcUXSI+Gp02cDjYl+MygxKl2GI=",
        "owner": "NixOS",
        "repo": "nixpkgs",
        "rev": "0bb7ec54c8483066ec9d7720e780a5caa71f8612",
        "type": "github"
      },
      "original": {
        "owner": "NixOS",
        "ref": "nixos-unstable",
        "repo": "nixpkgs",
        "type": "github"
      }
    },
    "root": {
      "inputs": {
        "fugu-src": "fugu-src",
        "nixpkgs": "nixpkgs"
      }
    }
  },
  "root": "root",
  "version": 7
}
